
Microsoft Visual Studio Solution File, Format Version 12.00
Project("{F2A71F9B-5D33-465A-A702-920D77279786}") = "AdventOfCode2023", "AdventOfCode2023\AdventOfCode2023.fsproj", "{77756B51-636F-44D5-828E-908873B90A90}"
EndProject
Global
	GlobalSection(SolutionConfigurationPlatforms) = preSolution
		Debug|Any CPU = Debug|Any CPU
		Release|Any CPU = Release|Any CPU
	EndGlobalSection
	GlobalSection(ProjectConfigurationPlatforms) = postSolution
		{77756B51-636F-44D5-828E-908873B90A90}.Debug|Any CPU.ActiveCfg = Debug|Any CPU
		{77756B51-636F-44D5-828E-908873B90A90}.Debug|Any CPU.Build.0 = Debug|Any CPU
		{77756B51-636F-44D5-828E-908873B90A90}.Release|Any CPU.ActiveCfg = Release|Any CPU
		{77756B51-636F-44D5-828E-908873B90A90}.Release|Any CPU.Build.0 = Release|Any CPU
	EndGlobalSection
EndGlobal
